
Microsoft Visual Studio Solution File, Format Version 12.00
# Visual Studio Version 17
VisualStudioVersion = 17.14.36408.4
MinimumVisualStudioVersion = 10.0.40219.1
Project("{2150E333-8FDC-42A3-9474-1A3956D46DE8}") = "src", "src", "{02EA681E-C7D8-13C7-8484-4AC65E1B71E8}"
EndProject
Project("{2150E333-8FDC-42A3-9474-1A3956D46DE8}") = "core", "core", "{CCE2F5E8-64E2-4E99-AE39-06358169212A}"
EndProject
Project("{2150E333-8FDC-42A3-9474-1A3956D46DE8}") = "shared", "shared", "{D98B031D-F6B2-4233-A465-BBBDD4B5D47F}"
EndProject
Project("{2150E333-8FDC-42A3-9474-1A3956D46DE8}") = "roadmaps", "roadmaps", "{52C224CE-DDC8-484F-B8EC-F5B947A9612F}"
EndProject
Project("{FAE04EC0-301F-11D3-BF4B-00C04F79EFBC}") = "SkillMap.Api", "core-service\SkillMap.Api\SkillMap.Api.csproj", "{408C9EE1-2E9E-0757-EBEA-0C922983BC4A}"
EndProject
Project("{FAE04EC0-301F-11D3-BF4B-00C04F79EFBC}") = "SkillMap.Business", "core-service\SkillMap.Business\SkillMap.Business.csproj", "{92446AA3-ABF6-D61D-EF61-D2855632D7D2}"
EndProject
Project("{FAE04EC0-301F-11D3-BF4B-00C04F79EFBC}") = "SkillMap.Core", "core-service\SkillMap.Core\SkillMap.Core.csproj", "{F1BF5648-2C7D-C8C0-E4F9-C07385EB0C00}"
EndProject
Project("{FAE04EC0-301F-11D3-BF4B-00C04F79EFBC}") = "SkillMap.Infrastructure", "core-service\SkillMap.Infrastructure\SkillMap.Infrastructure.csproj", "{84EB134D-4E62-3D16-4C8B-152FFA33E960}"
EndProject
Project("{FAE04EC0-301F-11D3-BF4B-00C04F79EFBC}") = "SkillMap.Persistence", "core-service\SkillMap.Persistence\SkillMap.Persistence.csproj", "{FFE4BC05-FB3F-39FB-836D-52A2EBACB0D1}"
EndProject
Project("{FAE04EC0-301F-11D3-BF4B-00C04F79EFBC}") = "SkillMap.Shared", "shared\SkillMap.Shared\SkillMap.Shared.csproj", "{4B308268-2E08-47D7-F5FA-5EC6D517D7EF}"
EndProject
Project("{FAE04EC0-301F-11D3-BF4B-00C04F79EFBC}") = "LearningPlatform.Roadmap.Business", "roadmaps-catalog-service\LearningPlatform.Roadmap.Business\LearningPlatform.Roadmap.Business.csproj", "{7DB42102-2358-4C63-9840-B40888F689BA}"
EndProject
Project("{FAE04EC0-301F-11D3-BF4B-00C04F79EFBC}") = "LearningPlatform.Roadmap.Business.Contracts", "roadmaps-catalog-service\LearningPlatform.Roadmap.Business.Contracts\LearningPlatform.Roadmap.Business.Contracts.csproj", "{1640D72E-E5C9-494B-B508-A72ED5E6484B}"
EndProject
Project("{FAE04EC0-301F-11D3-BF4B-00C04F79EFBC}") = "SkillMap.Persistence.Neo4j", "roadmaps-catalog-service\SkillMap.Persistence.Neo4j\SkillMap.Persistence.Neo4j.csproj", "{71FF8AE8-B466-B23D-837B-485A3AF7833D}"
EndProject
Project("{2150E333-8FDC-42A3-9474-1A3956D46DE8}") = "roadmap-tests", "roadmap-tests", "{E2B67E48-14FB-4166-BCF0-E78B1E7A5B9E}"
EndProject
Project("{FAE04EC0-301F-11D3-BF4B-00C04F79EFBC}") = "LearningPlatform.RoadmapTests.Contracts", "roadmap-tests\LearningPlatform.RoadmapTests.Contracts\LearningPlatform.RoadmapTests.Contracts.csproj", "{9423D07B-DAFA-4F36-9C99-0E9FE8DEF411}"
EndProject
Project("{FAE04EC0-301F-11D3-BF4B-00C04F79EFBC}") = "LearningPlatform.RoadmapTests.Service", "roadmap-tests\LearningPlatform.RoadmapTests.Service\LearningPlatform.RoadmapTests.Service.csproj", "{FB786D5A-18CA-4CA7-AC1B-E16E142E8471}"
EndProject
Project("{FAE04EC0-301F-11D3-BF4B-00C04F79EFBC}") = "LearningPlatform.Shared.Api", "shared\LearningPlatform.Shared.Api\LearningPlatform.Shared.Api.csproj", "{6B361953-10E9-42D9-ADA5-A6017E42EAD6}"
EndProject
Project("{FAE04EC0-301F-11D3-BF4B-00C04F79EFBC}") = "LearningPlatform.Shared.Caching", "shared\LearningPlatform.Shared.Caching\LearningPlatform.Shared.Caching.csproj", "{AED70115-BA4B-403C-9EB4-542E92B5ADC2}"
EndProject
Project("{2150E333-8FDC-42A3-9474-1A3956D46DE8}") = "Db", "Db", "{C72D6838-385D-445D-BE46-6EB68CA13BD9}"
	ProjectSection(SolutionItems) = preProject
		roadmap_tests.sql = roadmap_tests.sql
	EndProjectSection
EndProject
Global
	GlobalSection(SolutionConfigurationPlatforms) = preSolution
		Debug|Any CPU = Debug|Any CPU
		Release|Any CPU = Release|Any CPU
	EndGlobalSection
	GlobalSection(ProjectConfigurationPlatforms) = postSolution
		{408C9EE1-2E9E-0757-EBEA-0C922983BC4A}.Debug|Any CPU.ActiveCfg = Debug|Any CPU
		{408C9EE1-2E9E-0757-EBEA-0C922983BC4A}.Debug|Any CPU.Build.0 = Debug|Any CPU
		{408C9EE1-2E9E-0757-EBEA-0C922983BC4A}.Release|Any CPU.ActiveCfg = Release|Any CPU
		{408C9EE1-2E9E-0757-EBEA-0C922983BC4A}.Release|Any CPU.Build.0 = Release|Any CPU
		{92446AA3-ABF6-D61D-EF61-D2855632D7D2}.Debug|Any CPU.ActiveCfg = Debug|Any CPU
		{92446AA3-ABF6-D61D-EF61-D2855632D7D2}.Debug|Any CPU.Build.0 = Debug|Any CPU
		{92446AA3-ABF6-D61D-EF61-D2855632D7D2}.Release|Any CPU.ActiveCfg = Release|Any CPU
		{92446AA3-ABF6-D61D-EF61-D2855632D7D2}.Release|Any CPU.Build.0 = Release|Any CPU
		{F1BF5648-2C7D-C8C0-E4F9-C07385EB0C00}.Debug|Any CPU.ActiveCfg = Debug|Any CPU
		{F1BF5648-2C7D-C8C0-E4F9-C07385EB0C00}.Debug|Any CPU.Build.0 = Debug|Any CPU
		{F1BF5648-2C7D-C8C0-E4F9-C07385EB0C00}.Release|Any CPU.ActiveCfg = Release|Any CPU
		{F1BF5648-2C7D-C8C0-E4F9-C07385EB0C00}.Release|Any CPU.Build.0 = Release|Any CPU
		{84EB134D-4E62-3D16-4C8B-152FFA33E960}.Debug|Any CPU.ActiveCfg = Debug|Any CPU
		{84EB134D-4E62-3D16-4C8B-152FFA33E960}.Debug|Any CPU.Build.0 = Debug|Any CPU
		{84EB134D-4E62-3D16-4C8B-152FFA33E960}.Release|Any CPU.ActiveCfg = Release|Any CPU
		{84EB134D-4E62-3D16-4C8B-152FFA33E960}.Release|Any CPU.Build.0 = Release|Any CPU
		{FFE4BC05-FB3F-39FB-836D-52A2EBACB0D1}.Debug|Any CPU.ActiveCfg = Debug|Any CPU
		{FFE4BC05-FB3F-39FB-836D-52A2EBACB0D1}.Debug|Any CPU.Build.0 = Debug|Any CPU
		{FFE4BC05-FB3F-39FB-836D-52A2EBACB0D1}.Release|Any CPU.ActiveCfg = Release|Any CPU
		{FFE4BC05-FB3F-39FB-836D-52A2EBACB0D1}.Release|Any CPU.Build.0 = Release|Any CPU
		{4B308268-2E08-47D7-F5FA-5EC6D517D7EF}.Debug|Any CPU.ActiveCfg = Debug|Any CPU
		{4B308268-2E08-47D7-F5FA-5EC6D517D7EF}.Debug|Any CPU.Build.0 = Debug|Any CPU
		{4B308268-2E08-47D7-F5FA-5EC6D517D7EF}.Release|Any CPU.ActiveCfg = Release|Any CPU
		{4B308268-2E08-47D7-F5FA-5EC6D517D7EF}.Release|Any CPU.Build.0 = Release|Any CPU
		{7DB42102-2358-4C63-9840-B40888F689BA}.Debug|Any CPU.ActiveCfg = Debug|Any CPU
		{7DB42102-2358-4C63-9840-B40888F689BA}.Debug|Any CPU.Build.0 = Debug|Any CPU
		{7DB42102-2358-4C63-9840-B40888F689BA}.Release|Any CPU.ActiveCfg = Release|Any CPU
		{7DB42102-2358-4C63-9840-B40888F689BA}.Release|Any CPU.Build.0 = Release|Any CPU
		{1640D72E-E5C9-494B-B508-A72ED5E6484B}.Debug|Any CPU.ActiveCfg = Debug|Any CPU
		{1640D72E-E5C9-494B-B508-A72ED5E6484B}.Debug|Any CPU.Build.0 = Debug|Any CPU
		{1640D72E-E5C9-494B-B508-A72ED5E6484B}.Release|Any CPU.ActiveCfg = Release|Any CPU
		{1640D72E-E5C9-494B-B508-A72ED5E6484B}.Release|Any CPU.Build.0 = Release|Any CPU
		{71FF8AE8-B466-B23D-837B-485A3AF7833D}.Debug|Any CPU.ActiveCfg = Debug|Any CPU
		{71FF8AE8-B466-B23D-837B-485A3AF7833D}.Debug|Any CPU.Build.0 = Debug|Any CPU
		{71FF8AE8-B466-B23D-837B-485A3AF7833D}.Release|Any CPU.ActiveCfg = Release|Any CPU
		{71FF8AE8-B466-B23D-837B-485A3AF7833D}.Release|Any CPU.Build.0 = Release|Any CPU
		{9423D07B-DAFA-4F36-9C99-0E9FE8DEF411}.Debug|Any CPU.ActiveCfg = Debug|Any CPU
		{9423D07B-DAFA-4F36-9C99-0E9FE8DEF411}.Debug|Any CPU.Build.0 = Debug|Any CPU
		{9423D07B-DAFA-4F36-9C99-0E9FE8DEF411}.Release|Any CPU.ActiveCfg = Release|Any CPU
		{9423D07B-DAFA-4F36-9C99-0E9FE8DEF411}.Release|Any CPU.Build.0 = Release|Any CPU
		{FB786D5A-18CA-4CA7-AC1B-E16E142E8471}.Debug|Any CPU.ActiveCfg = Debug|Any CPU
		{FB786D5A-18CA-4CA7-AC1B-E16E142E8471}.Debug|Any CPU.Build.0 = Debug|Any CPU
		{FB786D5A-18CA-4CA7-AC1B-E16E142E8471}.Release|Any CPU.ActiveCfg = Release|Any CPU
		{FB786D5A-18CA-4CA7-AC1B-E16E142E8471}.Release|Any CPU.Build.0 = Release|Any CPU
		{6B361953-10E9-42D9-ADA5-A6017E42EAD6}.Debug|Any CPU.ActiveCfg = Debug|Any CPU
		{6B361953-10E9-42D9-ADA5-A6017E42EAD6}.Debug|Any CPU.Build.0 = Debug|Any CPU
		{6B361953-10E9-42D9-ADA5-A6017E42EAD6}.Release|Any CPU.ActiveCfg = Release|Any CPU
		{6B361953-10E9-42D9-ADA5-A6017E42EAD6}.Release|Any CPU.Build.0 = Release|Any CPU
		{AED70115-BA4B-403C-9EB4-542E92B5ADC2}.Debug|Any CPU.ActiveCfg = Debug|Any CPU
		{AED70115-BA4B-403C-9EB4-542E92B5ADC2}.Debug|Any CPU.Build.0 = Debug|Any CPU
		{AED70115-BA4B-403C-9EB4-542E92B5ADC2}.Release|Any CPU.ActiveCfg = Release|Any CPU
		{AED70115-BA4B-403C-9EB4-542E92B5ADC2}.Release|Any CPU.Build.0 = Release|Any CPU
	EndGlobalSection
	GlobalSection(SolutionProperties) = preSolution
		HideSolutionNode = FALSE
	EndGlobalSection
	GlobalSection(NestedProjects) = preSolution
		{CCE2F5E8-64E2-4E99-AE39-06358169212A} = {02EA681E-C7D8-13C7-8484-4AC65E1B71E8}
		{D98B031D-F6B2-4233-A465-BBBDD4B5D47F} = {02EA681E-C7D8-13C7-8484-4AC65E1B71E8}
		{52C224CE-DDC8-484F-B8EC-F5B947A9612F} = {02EA681E-C7D8-13C7-8484-4AC65E1B71E8}
		{408C9EE1-2E9E-0757-EBEA-0C922983BC4A} = {CCE2F5E8-64E2-4E99-AE39-06358169212A}
		{92446AA3-ABF6-D61D-EF61-D2855632D7D2} = {CCE2F5E8-64E2-4E99-AE39-06358169212A}
		{F1BF5648-2C7D-C8C0-E4F9-C07385EB0C00} = {CCE2F5E8-64E2-4E99-AE39-06358169212A}
		{84EB134D-4E62-3D16-4C8B-152FFA33E960} = {CCE2F5E8-64E2-4E99-AE39-06358169212A}
		{FFE4BC05-FB3F-39FB-836D-52A2EBACB0D1} = {CCE2F5E8-64E2-4E99-AE39-06358169212A}
		{4B308268-2E08-47D7-F5FA-5EC6D517D7EF} = {D98B031D-F6B2-4233-A465-BBBDD4B5D47F}
		{7DB42102-2358-4C63-9840-B40888F689BA} = {52C224CE-DDC8-484F-B8EC-F5B947A9612F}
		{1640D72E-E5C9-494B-B508-A72ED5E6484B} = {52C224CE-DDC8-484F-B8EC-F5B947A9612F}
		{71FF8AE8-B466-B23D-837B-485A3AF7833D} = {52C224CE-DDC8-484F-B8EC-F5B947A9612F}
		{E2B67E48-14FB-4166-BCF0-E78B1E7A5B9E} = {02EA681E-C7D8-13C7-8484-4AC65E1B71E8}
		{9423D07B-DAFA-4F36-9C99-0E9FE8DEF411} = {E2B67E48-14FB-4166-BCF0-E78B1E7A5B9E}
		{FB786D5A-18CA-4CA7-AC1B-E16E142E8471} = {E2B67E48-14FB-4166-BCF0-E78B1E7A5B9E}
		{6B361953-10E9-42D9-ADA5-A6017E42EAD6} = {D98B031D-F6B2-4233-A465-BBBDD4B5D47F}
		{AED70115-BA4B-403C-9EB4-542E92B5ADC2} = {D98B031D-F6B2-4233-A465-BBBDD4B5D47F}
		{C72D6838-385D-445D-BE46-6EB68CA13BD9} = {E2B67E48-14FB-4166-BCF0-E78B1E7A5B9E}
	EndGlobalSection
	GlobalSection(ExtensibilityGlobals) = postSolution
		SolutionGuid = {3044A960-D773-46CB-9347-147499DCD200}
	EndGlobalSection
EndGlobal
