
Microsoft Visual Studio Solution File, Format Version 12.00
# Visual Studio Version 17
VisualStudioVersion = 17.14.36408.4
MinimumVisualStudioVersion = 10.0.40219.1
Project("{2150E333-8FDC-42A3-9474-1A3956D46DE8}") = "src", "src", "{02EA681E-C7D8-13C7-8484-4AC65E1B71E8}"
EndProject
Project("{2150E333-8FDC-42A3-9474-1A3956D46DE8}") = "core", "core", "{CCE2F5E8-64E2-4E99-AE39-06358169212A}"
EndProject
Project("{2150E333-8FDC-42A3-9474-1A3956D46DE8}") = "shared", "shared", "{D98B031D-F6B2-4233-A465-BBBDD4B5D47F}"
EndProject
Project("{2150E333-8FDC-42A3-9474-1A3956D46DE8}") = "roadmaps", "roadmaps", "{52C224CE-DDC8-484F-B8EC-F5B947A9612F}"
EndProject
Project("{FAE04EC0-301F-11D3-BF4B-00C04F79EFBC}") = "SkillMap.Api", "core-service\SkillMap.Api\SkillMap.Api.csproj", "{408C9EE1-2E9E-0757-EBEA-0C922983BC4A}"
EndProject
Project("{FAE04EC0-301F-11D3-BF4B-00C04F79EFBC}") = "SkillMap.Business", "core-service\SkillMap.Business\SkillMap.Business.csproj", "{92446AA3-ABF6-D61D-EF61-D2855632D7D2}"
EndProject
Project("{FAE04EC0-301F-11D3-BF4B-00C04F79EFBC}") = "SkillMap.Core", "core-service\SkillMap.Core\SkillMap.Core.csproj", "{F1BF5648-2C7D-C8C0-E4F9-C07385EB0C00}"
EndProject
Project("{FAE04EC0-301F-11D3-BF4B-00C04F79EFBC}") = "SkillMap.Infrastructure", "core-service\SkillMap.Infrastructure\SkillMap.Infrastructure.csproj", "{84EB134D-4E62-3D16-4C8B-152FFA33E960}"
EndProject
Project("{FAE04EC0-301F-11D3-BF4B-00C04F79EFBC}") = "SkillMap.Persistence", "core-service\SkillMap.Persistence\SkillMap.Persistence.csproj", "{FFE4BC05-FB3F-39FB-836D-52A2EBACB0D1}"
EndProject
Project("{FAE04EC0-301F-11D3-BF4B-00C04F79EFBC}") = "SkillMap.Shared", "shared\SkillMap.Shared\SkillMap.Shared.csproj", "{4B308268-2E08-47D7-F5FA-5EC6D517D7EF}"
EndProject
Project("{2150E333-8FDC-42A3-9474-1A3956D46DE8}") = "in", "in", "{95B52047-C1DE-4E5B-8394-FC6B6E2DDB9D}"
EndProject
Project("{2150E333-8FDC-42A3-9474-1A3956D46DE8}") = "application", "application", "{786847D7-CF4F-4010-8150-907B977ECC89}"
EndProject
Project("{2150E333-8FDC-42A3-9474-1A3956D46DE8}") = "out", "out", "{BE9A8058-1795-4905-BFE8-BD135D2346C1}"
EndProject
Project("{FAE04EC0-301F-11D3-BF4B-00C04F79EFBC}") = "SkillMap.Api", "roadmaps-catalog-service\In\SkillMap.Api\SkillMap.Api.csproj", "{D0A6AB2F-61FD-D3BC-687C-EDC48A1A3D1E}"
EndProject
Project("{FAE04EC0-301F-11D3-BF4B-00C04F79EFBC}") = "SkillMap.Application", "roadmaps-catalog-service\Application\SkillMap.Application\SkillMap.Application.csproj", "{85A231F0-7951-913F-B8F6-025725F9FE15}"
EndProject
Project("{FAE04EC0-301F-11D3-BF4B-00C04F79EFBC}") = "SkillMap.Application.InPorts", "roadmaps-catalog-service\Application\SkillMap.Application.InPorts\SkillMap.Application.InPorts.csproj", "{C43945D7-D246-95D0-80BF-31D7A605F066}"
EndProject
Project("{FAE04EC0-301F-11D3-BF4B-00C04F79EFBC}") = "SkillMap.Application.OutPorts", "roadmaps-catalog-service\Application\SkillMap.Application.OutPorts\SkillMap.Application.OutPorts.csproj", "{713899E4-4262-B96D-C01A-F299F15B318B}"
EndProject
Project("{FAE04EC0-301F-11D3-BF4B-00C04F79EFBC}") = "SkillMap.DataSource.RoadmapSh", "roadmaps-catalog-service\Out\SkillMap.DataSource.RoadmapSh\SkillMap.DataSource.RoadmapSh.csproj", "{FF873051-3C47-68D5-6D8C-A815ADD79D74}"
EndProject
Project("{FAE04EC0-301F-11D3-BF4B-00C04F79EFBC}") = "SkillMap.Persistence.Neo4j", "roadmaps-catalog-service\Out\SkillMap.Persistence.Neo4j\SkillMap.Persistence.Neo4j.csproj", "{0F273083-B630-7690-484B-2ECA72E81324}"
EndProject
Global
	GlobalSection(SolutionConfigurationPlatforms) = preSolution
		Debug|Any CPU = Debug|Any CPU
		Release|Any CPU = Release|Any CPU
	EndGlobalSection
	GlobalSection(ProjectConfigurationPlatforms) = postSolution
		{408C9EE1-2E9E-0757-EBEA-0C922983BC4A}.Debug|Any CPU.ActiveCfg = Debug|Any CPU
		{408C9EE1-2E9E-0757-EBEA-0C922983BC4A}.Debug|Any CPU.Build.0 = Debug|Any CPU
		{408C9EE1-2E9E-0757-EBEA-0C922983BC4A}.Release|Any CPU.ActiveCfg = Release|Any CPU
		{408C9EE1-2E9E-0757-EBEA-0C922983BC4A}.Release|Any CPU.Build.0 = Release|Any CPU
		{92446AA3-ABF6-D61D-EF61-D2855632D7D2}.Debug|Any CPU.ActiveCfg = Debug|Any CPU
		{92446AA3-ABF6-D61D-EF61-D2855632D7D2}.Debug|Any CPU.Build.0 = Debug|Any CPU
		{92446AA3-ABF6-D61D-EF61-D2855632D7D2}.Release|Any CPU.ActiveCfg = Release|Any CPU
		{92446AA3-ABF6-D61D-EF61-D2855632D7D2}.Release|Any CPU.Build.0 = Release|Any CPU
		{F1BF5648-2C7D-C8C0-E4F9-C07385EB0C00}.Debug|Any CPU.ActiveCfg = Debug|Any CPU
		{F1BF5648-2C7D-C8C0-E4F9-C07385EB0C00}.Debug|Any CPU.Build.0 = Debug|Any CPU
		{F1BF5648-2C7D-C8C0-E4F9-C07385EB0C00}.Release|Any CPU.ActiveCfg = Release|Any CPU
		{F1BF5648-2C7D-C8C0-E4F9-C07385EB0C00}.Release|Any CPU.Build.0 = Release|Any CPU
		{84EB134D-4E62-3D16-4C8B-152FFA33E960}.Debug|Any CPU.ActiveCfg = Debug|Any CPU
		{84EB134D-4E62-3D16-4C8B-152FFA33E960}.Debug|Any CPU.Build.0 = Debug|Any CPU
		{84EB134D-4E62-3D16-4C8B-152FFA33E960}.Release|Any CPU.ActiveCfg = Release|Any CPU
		{84EB134D-4E62-3D16-4C8B-152FFA33E960}.Release|Any CPU.Build.0 = Release|Any CPU
		{FFE4BC05-FB3F-39FB-836D-52A2EBACB0D1}.Debug|Any CPU.ActiveCfg = Debug|Any CPU
		{FFE4BC05-FB3F-39FB-836D-52A2EBACB0D1}.Debug|Any CPU.Build.0 = Debug|Any CPU
		{FFE4BC05-FB3F-39FB-836D-52A2EBACB0D1}.Release|Any CPU.ActiveCfg = Release|Any CPU
		{FFE4BC05-FB3F-39FB-836D-52A2EBACB0D1}.Release|Any CPU.Build.0 = Release|Any CPU
		{4B308268-2E08-47D7-F5FA-5EC6D517D7EF}.Debug|Any CPU.ActiveCfg = Debug|Any CPU
		{4B308268-2E08-47D7-F5FA-5EC6D517D7EF}.Debug|Any CPU.Build.0 = Debug|Any CPU
		{4B308268-2E08-47D7-F5FA-5EC6D517D7EF}.Release|Any CPU.ActiveCfg = Release|Any CPU
		{4B308268-2E08-47D7-F5FA-5EC6D517D7EF}.Release|Any CPU.Build.0 = Release|Any CPU
		{D0A6AB2F-61FD-D3BC-687C-EDC48A1A3D1E}.Debug|Any CPU.ActiveCfg = Debug|Any CPU
		{D0A6AB2F-61FD-D3BC-687C-EDC48A1A3D1E}.Debug|Any CPU.Build.0 = Debug|Any CPU
		{D0A6AB2F-61FD-D3BC-687C-EDC48A1A3D1E}.Release|Any CPU.ActiveCfg = Release|Any CPU
		{D0A6AB2F-61FD-D3BC-687C-EDC48A1A3D1E}.Release|Any CPU.Build.0 = Release|Any CPU
		{85A231F0-7951-913F-B8F6-025725F9FE15}.Debug|Any CPU.ActiveCfg = Debug|Any CPU
		{85A231F0-7951-913F-B8F6-025725F9FE15}.Debug|Any CPU.Build.0 = Debug|Any CPU
		{85A231F0-7951-913F-B8F6-025725F9FE15}.Release|Any CPU.ActiveCfg = Release|Any CPU
		{85A231F0-7951-913F-B8F6-025725F9FE15}.Release|Any CPU.Build.0 = Release|Any CPU
		{C43945D7-D246-95D0-80BF-31D7A605F066}.Debug|Any CPU.ActiveCfg = Debug|Any CPU
		{C43945D7-D246-95D0-80BF-31D7A605F066}.Debug|Any CPU.Build.0 = Debug|Any CPU
		{C43945D7-D246-95D0-80BF-31D7A605F066}.Release|Any CPU.ActiveCfg = Release|Any CPU
		{C43945D7-D246-95D0-80BF-31D7A605F066}.Release|Any CPU.Build.0 = Release|Any CPU
		{713899E4-4262-B96D-C01A-F299F15B318B}.Debug|Any CPU.ActiveCfg = Debug|Any CPU
		{713899E4-4262-B96D-C01A-F299F15B318B}.Debug|Any CPU.Build.0 = Debug|Any CPU
		{713899E4-4262-B96D-C01A-F299F15B318B}.Release|Any CPU.ActiveCfg = Release|Any CPU
		{713899E4-4262-B96D-C01A-F299F15B318B}.Release|Any CPU.Build.0 = Release|Any CPU
		{FF873051-3C47-68D5-6D8C-A815ADD79D74}.Debug|Any CPU.ActiveCfg = Debug|Any CPU
		{FF873051-3C47-68D5-6D8C-A815ADD79D74}.Debug|Any CPU.Build.0 = Debug|Any CPU
		{FF873051-3C47-68D5-6D8C-A815ADD79D74}.Release|Any CPU.ActiveCfg = Release|Any CPU
		{FF873051-3C47-68D5-6D8C-A815ADD79D74}.Release|Any CPU.Build.0 = Release|Any CPU
		{0F273083-B630-7690-484B-2ECA72E81324}.Debug|Any CPU.ActiveCfg = Debug|Any CPU
		{0F273083-B630-7690-484B-2ECA72E81324}.Debug|Any CPU.Build.0 = Debug|Any CPU
		{0F273083-B630-7690-484B-2ECA72E81324}.Release|Any CPU.ActiveCfg = Release|Any CPU
		{0F273083-B630-7690-484B-2ECA72E81324}.Release|Any CPU.Build.0 = Release|Any CPU
	EndGlobalSection
	GlobalSection(SolutionProperties) = preSolution
		HideSolutionNode = FALSE
	EndGlobalSection
	GlobalSection(NestedProjects) = preSolution
		{CCE2F5E8-64E2-4E99-AE39-06358169212A} = {02EA681E-C7D8-13C7-8484-4AC65E1B71E8}
		{D98B031D-F6B2-4233-A465-BBBDD4B5D47F} = {02EA681E-C7D8-13C7-8484-4AC65E1B71E8}
		{52C224CE-DDC8-484F-B8EC-F5B947A9612F} = {02EA681E-C7D8-13C7-8484-4AC65E1B71E8}
		{408C9EE1-2E9E-0757-EBEA-0C922983BC4A} = {CCE2F5E8-64E2-4E99-AE39-06358169212A}
		{92446AA3-ABF6-D61D-EF61-D2855632D7D2} = {CCE2F5E8-64E2-4E99-AE39-06358169212A}
		{F1BF5648-2C7D-C8C0-E4F9-C07385EB0C00} = {CCE2F5E8-64E2-4E99-AE39-06358169212A}
		{84EB134D-4E62-3D16-4C8B-152FFA33E960} = {CCE2F5E8-64E2-4E99-AE39-06358169212A}
		{FFE4BC05-FB3F-39FB-836D-52A2EBACB0D1} = {CCE2F5E8-64E2-4E99-AE39-06358169212A}
		{4B308268-2E08-47D7-F5FA-5EC6D517D7EF} = {D98B031D-F6B2-4233-A465-BBBDD4B5D47F}
		{95B52047-C1DE-4E5B-8394-FC6B6E2DDB9D} = {52C224CE-DDC8-484F-B8EC-F5B947A9612F}
		{786847D7-CF4F-4010-8150-907B977ECC89} = {52C224CE-DDC8-484F-B8EC-F5B947A9612F}
		{BE9A8058-1795-4905-BFE8-BD135D2346C1} = {52C224CE-DDC8-484F-B8EC-F5B947A9612F}
		{D0A6AB2F-61FD-D3BC-687C-EDC48A1A3D1E} = {95B52047-C1DE-4E5B-8394-FC6B6E2DDB9D}
		{85A231F0-7951-913F-B8F6-025725F9FE15} = {786847D7-CF4F-4010-8150-907B977ECC89}
		{C43945D7-D246-95D0-80BF-31D7A605F066} = {786847D7-CF4F-4010-8150-907B977ECC89}
		{713899E4-4262-B96D-C01A-F299F15B318B} = {786847D7-CF4F-4010-8150-907B977ECC89}
		{FF873051-3C47-68D5-6D8C-A815ADD79D74} = {BE9A8058-1795-4905-BFE8-BD135D2346C1}
		{0F273083-B630-7690-484B-2ECA72E81324} = {BE9A8058-1795-4905-BFE8-BD135D2346C1}
	EndGlobalSection
	GlobalSection(ExtensibilityGlobals) = postSolution
		SolutionGuid = {3044A960-D773-46CB-9347-147499DCD200}
	EndGlobalSection
EndGlobal
